
Microsoft Visual Studio Solution File, Format Version 12.00
# Visual Studio 15
VisualStudioVersion = 15.0.27130.2027
MinimumVisualStudioVersion = 10.0.40219.1
Project("{9A19103F-16F7-4668-BE54-9A1E7A4F7556}") = "CustomerAppUI", "CustomerAppUI\CustomerAppUI.csproj", "{3038D9F4-FB08-4F07-B6FB-F9497439A191}"
EndProject
Project("{9A19103F-16F7-4668-BE54-9A1E7A4F7556}") = "CustomerAppBLL", "CustomerAppBLL\CustomerAppBLL.csproj", "{4C38E9CB-1E4A-49B3-80EA-F851223FD3E3}"
EndProject
Project("{9A19103F-16F7-4668-BE54-9A1E7A4F7556}") = "CustomerAppDAL", "CustomerAppDAL\CustomerAppDAL.csproj", "{8F19D7C6-955B-4EA0-848B-4A4AAA8F346C}"
EndProject
Project("{FAE04EC0-301F-11D3-BF4B-00C04F79EFBC}") = "CustomerRestAPI", "CustomerRestAPI\CustomerRestAPI.csproj", "{632C6577-C797-4110-BB87-C76087AC226D}"
EndProject
Global
	GlobalSection(SolutionConfigurationPlatforms) = preSolution
		Debug|Any CPU = Debug|Any CPU
		Release|Any CPU = Release|Any CPU
	EndGlobalSection
	GlobalSection(ProjectConfigurationPlatforms) = postSolution
		{3038D9F4-FB08-4F07-B6FB-F9497439A191}.Debug|Any CPU.ActiveCfg = Debug|Any CPU
		{3038D9F4-FB08-4F07-B6FB-F9497439A191}.Debug|Any CPU.Build.0 = Debug|Any CPU
		{3038D9F4-FB08-4F07-B6FB-F9497439A191}.Release|Any CPU.ActiveCfg = Release|Any CPU
		{3038D9F4-FB08-4F07-B6FB-F9497439A191}.Release|Any CPU.Build.0 = Release|Any CPU
		{4C38E9CB-1E4A-49B3-80EA-F851223FD3E3}.Debug|Any CPU.ActiveCfg = Debug|Any CPU
		{4C38E9CB-1E4A-49B3-80EA-F851223FD3E3}.Debug|Any CPU.Build.0 = Debug|Any CPU
		{4C38E9CB-1E4A-49B3-80EA-F851223FD3E3}.Release|Any CPU.ActiveCfg = Release|Any CPU
		{4C38E9CB-1E4A-49B3-80EA-F851223FD3E3}.Release|Any CPU.Build.0 = Release|Any CPU
		{8F19D7C6-955B-4EA0-848B-4A4AAA8F346C}.Debug|Any CPU.ActiveCfg = Debug|Any CPU
		{8F19D7C6-955B-4EA0-848B-4A4AAA8F346C}.Debug|Any CPU.Build.0 = Debug|Any CPU
		{8F19D7C6-955B-4EA0-848B-4A4AAA8F346C}.Release|Any CPU.ActiveCfg = Release|Any CPU
		{8F19D7C6-955B-4EA0-848B-4A4AAA8F346C}.Release|Any CPU.Build.0 = Release|Any CPU
		{632C6577-C797-4110-BB87-C76087AC226D}.Debug|Any CPU.ActiveCfg = Debug|Any CPU
		{632C6577-C797-4110-BB87-C76087AC226D}.Debug|Any CPU.Build.0 = Debug|Any CPU
		{632C6577-C797-4110-BB87-C76087AC226D}.Release|Any CPU.ActiveCfg = Release|Any CPU
		{632C6577-C797-4110-BB87-C76087AC226D}.Release|Any CPU.Build.0 = Release|Any CPU
	EndGlobalSection
	GlobalSection(SolutionProperties) = preSolution
		HideSolutionNode = FALSE
	EndGlobalSection
	GlobalSection(ExtensibilityGlobals) = postSolution
		SolutionGuid = {44A0BA57-55AB-4E2E-836B-A62CA8A35AD0}
	EndGlobalSection
EndGlobal
